{
  "name": "mb_web_front_end",
  "version": "1.0.0",
  "lockfileVersion": 1,
  "requires": true,
  "dependencies": {
    "webpac": {
      "version": "1.0.1",
      "resolved": "https://registry.npmjs.org/webpac/-/webpac-1.0.1.tgz",
      "integrity": "sha1-tNd+do5S5O4NEESLwt4wasUZOKQ="
    }
  }
}
